// !$*UTF8*$!
{
	archiveVersion = 1;
	classes = {
	};
	objectVersion = 46;
	objects = {

/* Begin PBXBuildFile section */
		961F58021ED1CA9400EBB766 /* ContactCollectionCell.swift in Sources */ = {isa = PBXBuildFile; fileRef = 961F58011ED1CA9400EBB766 /* ContactCollectionCell.swift */; };
		961F58041ED1DB6E00EBB766 /* HCContact.swift in Sources */ = {isa = PBXBuildFile; fileRef = 961F58031ED1DB6E00EBB766 /* HCContact.swift */; };
		969BC4521ED1408E00E0445F /* AppDelegate.swift in Sources */ = {isa = PBXBuildFile; fileRef = 969BC4511ED1408E00E0445F /* AppDelegate.swift */; };
		969BC4541ED1408E00E0445F /* ViewController.swift in Sources */ = {isa = PBXBuildFile; fileRef = 969BC4531ED1408E00E0445F /* ViewController.swift */; };
		969BC4571ED1408E00E0445F /* Main.storyboard in Resources */ = {isa = PBXBuildFile; fileRef = 969BC4551ED1408E00E0445F /* Main.storyboard */; };
		969BC4591ED1408E00E0445F /* Assets.xcassets in Resources */ = {isa = PBXBuildFile; fileRef = 969BC4581ED1408E00E0445F /* Assets.xcassets */; };
		969BC45C1ED1408E00E0445F /* LaunchScreen.storyboard in Resources */ = {isa = PBXBuildFile; fileRef = 969BC45A1ED1408E00E0445F /* LaunchScreen.storyboard */; };
/* End PBXBuildFile section */

/* Begin PBXFileReference section */
		961F58011ED1CA9400EBB766 /* ContactCollectionCell.swift */ = {isa = PBXFileReference; fileEncoding = 4; lastKnownFileType = sourcecode.swift; path = ContactCollectionCell.swift; sourceTree = "<group>"; };
		961F58031ED1DB6E00EBB766 /* HCContact.swift */ = {isa = PBXFileReference; fileEncoding = 4; lastKnownFileType = sourcecode.swift; path = HCContact.swift; sourceTree = "<group>"; };
		969BC44E1ED1408E00E0445F /* HelloContacts.app */ = {isa = PBXFileReference; explicitFileType = wrapper.application; includeInIndex = 0; path = HelloContacts.app; sourceTree = BUILT_PRODUCTS_DIR; };
		969BC4511ED1408E00E0445F /* AppDelegate.swift */ = {isa = PBXFileReference; lastKnownFileType = sourcecode.swift; path = AppDelegate.swift; sourceTree = "<group>"; };
		969BC4531ED1408E00E0445F /* ViewController.swift */ = {isa = PBXFileReference; lastKnownFileType = sourcecode.swift; path = ViewController.swift; sourceTree = "<group>"; };
		969BC4561ED1408E00E0445F /* Base */ = {isa = PBXFileReference; lastKnownFileType = file.storyboard; name = Base; path = Base.lproj/Main.storyboard; sourceTree = "<group>"; };
		969BC4581ED1408E00E0445F /* Assets.xcassets */ = {isa = PBXFileReference; lastKnownFileType = folder.assetcatalog; path = Assets.xcassets; sourceTree = "<group>"; };
		969BC45B1ED1408E00E0445F /* Base */ = {isa = PBXFileReference; lastKnownFileType = file.storyboard; name = Base; path = Base.lproj/LaunchScreen.storyboard; sourceTree = "<group>"; };
		969BC45D1ED1408E00E0445F /* Info.plist */ = {isa = PBXFileReference; lastKnownFileType = text.plist.xml; path = Info.plist; sourceTree = "<group>"; };
/* End PBXFileReference section */

/* Begin PBXFrameworksBuildPhase section */
		969BC44B1ED1408E00E0445F /* Frameworks */ = {
			isa = PBXFrameworksBuildPhase;
			buildActionMask = 2147483647;
			files = (
			);
			runOnlyForDeploymentPostprocessing = 0;
		};
/* End PBXFrameworksBuildPhase section */

/* Begin PBXGroup section */
		969BC4451ED1408E00E0445F = {
			isa = PBXGroup;
			children = (
				969BC4501ED1408E00E0445F /* HelloContacts */,
				969BC44F1ED1408E00E0445F /* Products */,
			);
			sourceTree = "<group>";
		};
		969BC44F1ED1408E00E0445F /* Products */ = {
			isa = PBXGroup;
			children = (
				969BC44E1ED1408E00E0445F /* HelloContacts.app */,
			);
			name = Products;
			sourceTree = "<group>";
		};
		969BC4501ED1408E00E0445F /* HelloContacts */ = {
			isa = PBXGroup;
			children = (
				969BC4511ED1408E00E0445F /* AppDelegate.swift */,
				969BC4531ED1408E00E0445F /* ViewController.swift */,
				961F58031ED1DB6E00EBB766 /* HCContact.swift */,
				969BC4551ED1408E00E0445F /* Main.storyboard */,
				961F58011ED1CA9400EBB766 /* ContactCollectionCell.swift */,
				969BC4581ED1408E00E0445F /* Assets.xcassets */,
				969BC45A1ED1408E00E0445F /* LaunchScreen.storyboard */,
				969BC45D1ED1408E00E0445F /* Info.plist */,
			);
			path = HelloContacts;
			sourceTree = "<group>";
		};
/* End PBXGroup section */

/* Begin PBXNativeTarget section */
		969BC44D1ED1408E00E0445F /* HelloContacts */ = {
			isa = PBXNativeTarget;
			buildConfigurationList = 969BC4601ED1408E00E0445F /* Build configuration list for PBXNativeTarget "HelloContacts" */;
			buildPhases = (
				969BC44A1ED1408E00E0445F /* Sources */,
				969BC44B1ED1408E00E0445F /* Frameworks */,
				969BC44C1ED1408E00E0445F /* Resources */,
			);
			buildRules = (
			);
			dependencies = (
			);
			name = HelloContacts;
			productName = HelloContacts;
			productReference = 969BC44E1ED1408E00E0445F /* HelloContacts.app */;
			productType = "com.apple.product-type.application";
		};
/* End PBXNativeTarget section */

/* Begin PBXProject section */
		969BC4461ED1408E00E0445F /* Project object */ = {
			isa = PBXProject;
			attributes = {
				LastSwiftUpdateCheck = 0830;
				LastUpgradeCheck = 0830;
				ORGANIZATIONNAME = "Roman Subrychak";
				TargetAttributes = {
					969BC44D1ED1408E00E0445F = {
						CreatedOnToolsVersion = 8.3.2;
						ProvisioningStyle = Automatic;
					};
				};
			};
			buildConfigurationList = 969BC4491ED1408E00E0445F /* Build configuration list for PBXProject "HelloContacts" */;
			compatibilityVersion = "Xcode 3.2";
			developmentRegion = English;
			hasScannedForEncodings = 0;
			knownRegions = (
				en,
				Base,
			);
			mainGroup = 969BC4451ED1408E00E0445F;
			productRefGroup = 969BC44F1ED1408E00E0445F /* Products */;
			projectDirPath = "";
			projectRoot = "";
			targets = (
				969BC44D1ED1408E00E0445F /* HelloContacts */,
			);
		};
/* End PBXProject section */

/* Begin PBXResourcesBuildPhase section */
		969BC44C1ED1408E00E0445F /* Resources */ = {
			isa = PBXResourcesBuildPhase;
			buildActionMask = 2147483647;
			files = (
				969BC45C1ED1408E00E0445F /* LaunchScreen.storyboard in Resources */,
				969BC4591ED1408E00E0445F /* Assets.xcassets in Resources */,
				969BC4571ED1408E00E0445F /* Main.storyboard in Resources */,
			);
			runOnlyForDeploymentPostprocessing = 0;
		};
/* End PBXResourcesBuildPhase section */

/* Begin PBXSourcesBuildPhase section */
		969BC44A1ED1408E00E0445F /* Sources */ = {
			isa = PBXSourcesBuildPhase;
			buildActionMask = 2147483647;
			files = (
				961F58021ED1CA9400EBB766 /* ContactCollectionCell.swift in Sources */,
				961F58041ED1DB6E00EBB766 /* HCContact.swift in Sources */,
				969BC4541ED1408E00E0445F /* ViewController.swift in Sources */,
				969BC4521ED1408E00E0445F /* AppDelegate.swift in Sources */,
			);
			runOnlyForDeploymentPostprocessing = 0;
		};
/* End PBXSourcesBuildPhase section */

/* Begin PBXVariantGroup section */
		969BC4551ED1408E00E0445F /* Main.storyboard */ = {
			isa = PBXVariantGroup;
			children = (
				969BC4561ED1408E00E0445F /* Base */,
			);
			name = Main.storyboard;
			sourceTree = "<group>";
		};
		969BC45A1ED1408E00E0445F /* LaunchScreen.storyboard */ = {
			isa = PBXVariantGroup;
			children = (
				969BC45B1ED1408E00E0445F /* Base */,
			);
			name = LaunchScreen.storyboard;
			sourceTree = "<group>";
		};
/* End PBXVariantGroup section */

/* Begin XCBuildConfiguration section */
		969BC45E1ED1408E00E0445F /* Debug */ = {
			isa = XCBuildConfiguration;
			buildSettings = {
				ALWAYS_SEARCH_USER_PATHS = NO;
				CLANG_ANALYZER_NONNULL = YES;
				CLANG_ANALYZER_NUMBER_OBJECT_CONVERSION = YES_AGGRESSIVE;
				CLANG_CXX_LANGUAGE_STANDARD = "gnu++0x";
				CLANG_CXX_LIBRARY = "libc++";
				CLANG_ENABLE_MODULES = YES;
				CLANG_ENABLE_OBJC_ARC = YES;
				CLANG_WARN_BOOL_CONVERSION = YES;
				CLANG_WARN_CONSTANT_CONVERSION = YES;
				CLANG_WARN_DIRECT_OBJC_ISA_USAGE = YES_ERROR;
				CLANG_WARN_DOCUMENTATION_COMMENTS = YES;
				CLANG_WARN_EMPTY_BODY = YES;
				CLANG_WARN_ENUM_CONVERSION = YES;
				CLANG_WARN_INFINITE_RECURSION = YES;
				CLANG_WARN_INT_CONVERSION = YES;
				CLANG_WARN_OBJC_ROOT_CLASS = YES_ERROR;
				CLANG_WARN_SUSPICIOUS_MOVE = YES;
				CLANG_WARN_UNREACHABLE_CODE = YES;
				CLANG_WARN__DUPLICATE_METHOD_MATCH = YES;
				"CODE_SIGN_IDENTITY[sdk=iphoneos*]" = "iPhone Developer";
				COPY_PHASE_STRIP = NO;
				DEBUG_INFORMATION_FORMAT = dwarf;
				ENABLE_STRICT_OBJC_MSGSEND = YES;
				ENABLE_TESTABILITY = YES;
				GCC_C_LANGUAGE_STANDARD = gnu99;
				GCC_DYNAMIC_NO_PIC = NO;
				GCC_NO_COMMON_BLOCKS = YES;
				GCC_OPTIMIZATION_LEVEL = 0;
				GCC_PREPROCESSOR_DEFINITIONS = (
					"DEBUG=1",
					"$(inherited)",
				);
				GCC_WARN_64_TO_32_BIT_CONVERSION = YES;
				GCC_WARN_ABOUT_RETURN_TYPE = YES_ERROR;
				GCC_WARN_UNDECLARED_SELECTOR = YES;
				GCC_WARN_UNINITIALIZED_AUTOS = YES_AGGRESSIVE;
				GCC_WARN_UNUSED_FUNCTION = YES;
				GCC_WARN_UNUSED_VARIABLE = YES;
				IPHONEOS_DEPLOYMENT_TARGET = 10.3;
				MTL_ENABLE_DEBUG_INFO = YES;
				ONLY_ACTIVE_ARCH = YES;
				SDKROOT = iphoneos;
				SWIFT_ACTIVE_COMPILATION_CONDITIONS = DEBUG;
				SWIFT_OPTIMIZATION_LEVEL = "-Onone";
			};
			name = Debug;
		};
		969BC45F1ED1408E00E0445F /* Release */ = {
			isa = XCBuildConfiguration;
			buildSettings = {
				ALWAYS_SEARCH_USER_PATHS = NO;
				CLANG_ANALYZER_NONNULL = YES;
				CLANG_ANALYZER_NUMBER_OBJECT_CONVERSION = YES_AGGRESSIVE;
				CLANG_CXX_LANGUAGE_STANDARD = "gnu++0x";
				CLANG_CXX_LIBRARY = "libc++";
				CLANG_ENABLE_MODULES = YES;
				CLANG_ENABLE_OBJC_ARC = YES;
				CLANG_WARN_BOOL_CONVERSION = YES;
				CLANG_WARN_CONSTANT_CONVERSION = YES;
				CLANG_WARN_DIRECT_OBJC_ISA_USAGE = YES_ERROR;
				CLANG_WARN_DOCUMENTATION_COMMENTS = YES;
				CLANG_WARN_EMPTY_BODY = YES;
				CLANG_WARN_ENUM_CONVERSION = YES;
				CLANG_WARN_INFINITE_RECURSION = YES;
				CLANG_WARN_INT_CONVERSION = YES;
				CLANG_WARN_OBJC_ROOT_CLASS = YES_ERROR;
				CLANG_WARN_SUSPICIOUS_MOVE = YES;
				CLANG_WARN_UNREACHABLE_CODE = YES;
				CLANG_WARN__DUPLICATE_METHOD_MATCH = YES;
				"CODE_SIGN_IDENTITY[sdk=iphoneos*]" = "iPhone Developer";
				COPY_PHASE_STRIP = NO;
				DEBUG_INFORMATION_FORMAT = "dwarf-with-dsym";
				ENABLE_NS_ASSERTIONS = NO;
				ENABLE_STRICT_OBJC_MSGSEND = YES;
				GCC_C_LANGUAGE_STANDARD = gnu99;
				GCC_NO_COMMON_BLOCKS = YES;
				GCC_WARN_64_TO_32_BIT_CONVERSION = YES;
				GCC_WARN_ABOUT_RETURN_TYPE = YES_ERROR;
				GCC_WARN_UNDECLARED_SELECTOR = YES;
				GCC_WARN_UNINITIALIZED_AUTOS = YES_AGGRESSIVE;
				GCC_WARN_UNUSED_FUNCTION = YES;
				GCC_WARN_UNUSED_VARIABLE = YES;
				IPHONEOS_DEPLOYMENT_TARGET = 10.3;
				MTL_ENABLE_DEBUG_INFO = NO;
				SDKROOT = iphoneos;
				SWIFT_OPTIMIZATION_LEVEL = "-Owholemodule";
				VALIDATE_PRODUCT = YES;
			};
			name = Release;
		};
		969BC4611ED1408E00E0445F /* Debug */ = {
			isa = XCBuildConfiguration;
			buildSettings = {
				ASSETCATALOG_COMPILER_APPICON_NAME = AppIcon;
				INFOPLIST_FILE = HelloContacts/Info.plist;
				LD_RUNPATH_SEARCH_PATHS = "$(inherited) @executable_path/Frameworks";
				PRODUCT_BUNDLE_IDENTIFIER = com.roman.subrychak.HelloContacts;
				PRODUCT_NAME = "$(TARGET_NAME)";
				SWIFT_VERSION = 3.0;
			};
			name = Debug;
		};
		969BC4621ED1408E00E0445F /* Release */ = {
			isa = XCBuildConfiguration;
			buildSettings = {
				ASSETCATALOG_COMPILER_APPICON_NAME = AppIcon;
				INFOPLIST_FILE = HelloContacts/Info.plist;
				LD_RUNPATH_SEARCH_PATHS = "$(inherited) @executable_path/Frameworks";
				PRODUCT_BUNDLE_IDENTIFIER = com.roman.subrychak.HelloContacts;
				PRODUCT_NAME = "$(TARGET_NAME)";
				SWIFT_VERSION = 3.0;
			};
			name = Release;
		};
/* End XCBuildConfiguration section */

/* Begin XCConfigurationList section */
		969BC4491ED1408E00E0445F /* Build configuration list for PBXProject "HelloContacts" */ = {
			isa = XCConfigurationList;
			buildConfigurations = (
				969BC45E1ED1408E00E0445F /* Debug */,
				969BC45F1ED1408E00E0445F /* Release */,
			);
			defaultConfigurationIsVisible = 0;
			defaultConfigurationName = Release;
		};
		969BC4601ED1408E00E0445F /* Build configuration list for PBXNativeTarget "HelloContacts" */ = {
			isa = XCConfigurationList;
			buildConfigurations = (
				969BC4611ED1408E00E0445F /* Debug */,
				969BC4621ED1408E00E0445F /* Release */,
			);
			defaultConfigurationIsVisible = 0;
			defaultConfigurationName = Release;
		};
/* End XCConfigurationList section */
	};
	rootObject = 969BC4461ED1408E00E0445F /* Project object */;
}
